
Microsoft Visual Studio Solution File, Format Version 12.00
# Visual Studio Version 17
VisualStudioVersion = 17.0.31903.59
MinimumVisualStudioVersion = 10.0.40219.1
Project("{8BC9CEB8-8B4A-11D0-8D11-00A0C91BC942}") = "SyncComms", "SyncComms.vcxproj", "{A728EF9B-A230-333D-858D-8DA97401FA73}"
EndProject
Global
	GlobalSection(SolutionConfigurationPlatforms) = preSolution
		Debug|x64 = Debug|x64
		Release|x64 = Release|x64
	EndGlobalSection
	GlobalSection(ProjectConfigurationPlatforms) = postSolution
		{A728EF9B-A230-333D-858D-8DA97401FA73}.Debug|x64.ActiveCfg = Debug|x64
		{A728EF9B-A230-333D-858D-8DA97401FA73}.Debug|x64.Build.0 = Debug|x64
		{A728EF9B-A230-333D-858D-8DA97401FA73}.Release|x64.ActiveCfg = Release|x64
		{A728EF9B-A230-333D-858D-8DA97401FA73}.Release|x64.Build.0 = Release|x64
	EndGlobalSection
	GlobalSection(SolutionProperties) = preSolution
		HideSolutionNode = FALSE
	EndGlobalSection
	GlobalSection(ExtensibilityGlobals) = postSolution
		SolutionGuid = {B7A713F7-4793-36C3-8857-5519D9CB0DF4}
	EndGlobalSection
EndGlobal
